
Microsoft Visual Studio Solution File, Format Version 12.00
# Visual Studio 15
VisualStudioVersion = 15.0.27703.2047
MinimumVisualStudioVersion = 10.0.40219.1
Project("{FAE04EC0-301F-11D3-BF4B-00C04F79EFBC}") = "Ejercicio_56", "Ejercicio_56\Ejercicio_56.csproj", "{B77D2C07-7288-4C07-8D5D-1286B5A22EFC}"
EndProject
Global
	GlobalSection(SolutionConfigurationPlatforms) = preSolution
		Debug|Any CPU = Debug|Any CPU
		Release|Any CPU = Release|Any CPU
	EndGlobalSection
	GlobalSection(ProjectConfigurationPlatforms) = postSolution
		{B77D2C07-7288-4C07-8D5D-1286B5A22EFC}.Debug|Any CPU.ActiveCfg = Debug|Any CPU
		{B77D2C07-7288-4C07-8D5D-1286B5A22EFC}.Debug|Any CPU.Build.0 = Debug|Any CPU
		{B77D2C07-7288-4C07-8D5D-1286B5A22EFC}.Release|Any CPU.ActiveCfg = Release|Any CPU
		{B77D2C07-7288-4C07-8D5D-1286B5A22EFC}.Release|Any CPU.Build.0 = Release|Any CPU
	EndGlobalSection
	GlobalSection(SolutionProperties) = preSolution
		HideSolutionNode = FALSE
	EndGlobalSection
	GlobalSection(ExtensibilityGlobals) = postSolution
		SolutionGuid = {374C32F6-DA3F-420B-AAEE-405D5FB37312}
	EndGlobalSection
EndGlobal
