
Microsoft Visual Studio Solution File, Format Version 12.00
# Visual Studio 2012
Project("{FAE04EC0-301F-11D3-BF4B-00C04F79EFBC}") = "CentralitaHerencia", "CentralitaHerencia\CentralitaHerencia.csproj", "{50909587-E1CE-4B62-A5AC-0A479EC96FC5}"
EndProject
Project("{FAE04EC0-301F-11D3-BF4B-00C04F79EFBC}") = "Test", "Test\Test.csproj", "{B6DFDE7C-B870-45C4-A769-813E5F40BA4B}"
EndProject
Project("{FAE04EC0-301F-11D3-BF4B-00C04F79EFBC}") = "FormCentralTelefonica", "FormCentralTelefonica\FormCentralTelefonica.csproj", "{9DAE312C-C0B4-4DE3-9D9D-B9B39EFFE3A8}"
EndProject
Project("{FAE04EC0-301F-11D3-BF4B-00C04F79EFBC}") = "PruebaUnitariaCentralita", "UnitTestProject1\PruebaUnitariaCentralita.csproj", "{E89BD11E-75D6-4724-8641-BB7C37BA4DE6}"
EndProject
Global
	GlobalSection(SolutionConfigurationPlatforms) = preSolution
		Debug|Any CPU = Debug|Any CPU
		Release|Any CPU = Release|Any CPU
	EndGlobalSection
	GlobalSection(ProjectConfigurationPlatforms) = postSolution
		{50909587-E1CE-4B62-A5AC-0A479EC96FC5}.Debug|Any CPU.ActiveCfg = Debug|Any CPU
		{50909587-E1CE-4B62-A5AC-0A479EC96FC5}.Debug|Any CPU.Build.0 = Debug|Any CPU
		{50909587-E1CE-4B62-A5AC-0A479EC96FC5}.Release|Any CPU.ActiveCfg = Release|Any CPU
		{50909587-E1CE-4B62-A5AC-0A479EC96FC5}.Release|Any CPU.Build.0 = Release|Any CPU
		{B6DFDE7C-B870-45C4-A769-813E5F40BA4B}.Debug|Any CPU.ActiveCfg = Debug|Any CPU
		{B6DFDE7C-B870-45C4-A769-813E5F40BA4B}.Debug|Any CPU.Build.0 = Debug|Any CPU
		{B6DFDE7C-B870-45C4-A769-813E5F40BA4B}.Release|Any CPU.ActiveCfg = Release|Any CPU
		{B6DFDE7C-B870-45C4-A769-813E5F40BA4B}.Release|Any CPU.Build.0 = Release|Any CPU
		{9DAE312C-C0B4-4DE3-9D9D-B9B39EFFE3A8}.Debug|Any CPU.ActiveCfg = Debug|Any CPU
		{9DAE312C-C0B4-4DE3-9D9D-B9B39EFFE3A8}.Debug|Any CPU.Build.0 = Debug|Any CPU
		{9DAE312C-C0B4-4DE3-9D9D-B9B39EFFE3A8}.Release|Any CPU.ActiveCfg = Release|Any CPU
		{9DAE312C-C0B4-4DE3-9D9D-B9B39EFFE3A8}.Release|Any CPU.Build.0 = Release|Any CPU
		{E89BD11E-75D6-4724-8641-BB7C37BA4DE6}.Debug|Any CPU.ActiveCfg = Debug|Any CPU
		{E89BD11E-75D6-4724-8641-BB7C37BA4DE6}.Debug|Any CPU.Build.0 = Debug|Any CPU
		{E89BD11E-75D6-4724-8641-BB7C37BA4DE6}.Release|Any CPU.ActiveCfg = Release|Any CPU
		{E89BD11E-75D6-4724-8641-BB7C37BA4DE6}.Release|Any CPU.Build.0 = Release|Any CPU
	EndGlobalSection
	GlobalSection(SolutionProperties) = preSolution
		HideSolutionNode = FALSE
	EndGlobalSection
	GlobalSection(ExtensibilityGlobals) = postSolution
		SolutionGuid = {2A8589A9-4B03-4F99-B5E4-044CDC4F516F}
	EndGlobalSection
EndGlobal
