
Microsoft Visual Studio Solution File, Format Version 12.00
# Visual Studio 2012
Project("{FAE04EC0-301F-11D3-BF4B-00C04F79EFBC}") = "Ejercicio_11", "Ejercicio_11\Ejercicio_11.csproj", "{793897E5-3869-4CE0-9565-EBD9C561ECFB}"
EndProject
Global
	GlobalSection(SolutionConfigurationPlatforms) = preSolution
		Debug|Any CPU = Debug|Any CPU
		Release|Any CPU = Release|Any CPU
	EndGlobalSection
	GlobalSection(ProjectConfigurationPlatforms) = postSolution
		{793897E5-3869-4CE0-9565-EBD9C561ECFB}.Debug|Any CPU.ActiveCfg = Debug|Any CPU
		{793897E5-3869-4CE0-9565-EBD9C561ECFB}.Debug|Any CPU.Build.0 = Debug|Any CPU
		{793897E5-3869-4CE0-9565-EBD9C561ECFB}.Release|Any CPU.ActiveCfg = Release|Any CPU
		{793897E5-3869-4CE0-9565-EBD9C561ECFB}.Release|Any CPU.Build.0 = Release|Any CPU
	EndGlobalSection
	GlobalSection(SolutionProperties) = preSolution
		HideSolutionNode = FALSE
	EndGlobalSection
EndGlobal
