
Microsoft Visual Studio Solution File, Format Version 12.00
# Visual Studio 15
VisualStudioVersion = 15.0.27703.2047
MinimumVisualStudioVersion = 10.0.40219.1
Project("{FAE04EC0-301F-11D3-BF4B-00C04F79EFBC}") = "Ejercicio_31", "Ejercicio_31\Ejercicio_31.csproj", "{D5C06545-1F99-44F0-896E-31B092220204}"
EndProject
Global
	GlobalSection(SolutionConfigurationPlatforms) = preSolution
		Debug|Any CPU = Debug|Any CPU
		Release|Any CPU = Release|Any CPU
	EndGlobalSection
	GlobalSection(ProjectConfigurationPlatforms) = postSolution
		{D5C06545-1F99-44F0-896E-31B092220204}.Debug|Any CPU.ActiveCfg = Debug|Any CPU
		{D5C06545-1F99-44F0-896E-31B092220204}.Debug|Any CPU.Build.0 = Debug|Any CPU
		{D5C06545-1F99-44F0-896E-31B092220204}.Release|Any CPU.ActiveCfg = Release|Any CPU
		{D5C06545-1F99-44F0-896E-31B092220204}.Release|Any CPU.Build.0 = Release|Any CPU
	EndGlobalSection
	GlobalSection(SolutionProperties) = preSolution
		HideSolutionNode = FALSE
	EndGlobalSection
	GlobalSection(ExtensibilityGlobals) = postSolution
		SolutionGuid = {E9E8834F-BB31-4BD6-B6D1-5D47260CA08F}
	EndGlobalSection
EndGlobal
