
Microsoft Visual Studio Solution File, Format Version 12.00
# Visual Studio 2012
Project("{FAE04EC0-301F-11D3-BF4B-00C04F79EFBC}") = "Ejercicio_21", "Ejercicio_21\Ejercicio_21.csproj", "{C8BF1197-6E39-445B-9891-73828A512F20}"
EndProject
Project("{FAE04EC0-301F-11D3-BF4B-00C04F79EFBC}") = "Ventana", "Ventana\Ventana.csproj", "{81B64F6E-7B52-443D-AB74-20DB2D2C1B80}"
EndProject
Global
	GlobalSection(SolutionConfigurationPlatforms) = preSolution
		Debug|Any CPU = Debug|Any CPU
		Release|Any CPU = Release|Any CPU
	EndGlobalSection
	GlobalSection(ProjectConfigurationPlatforms) = postSolution
		{C8BF1197-6E39-445B-9891-73828A512F20}.Debug|Any CPU.ActiveCfg = Debug|Any CPU
		{C8BF1197-6E39-445B-9891-73828A512F20}.Debug|Any CPU.Build.0 = Debug|Any CPU
		{C8BF1197-6E39-445B-9891-73828A512F20}.Release|Any CPU.ActiveCfg = Release|Any CPU
		{C8BF1197-6E39-445B-9891-73828A512F20}.Release|Any CPU.Build.0 = Release|Any CPU
		{81B64F6E-7B52-443D-AB74-20DB2D2C1B80}.Debug|Any CPU.ActiveCfg = Debug|Any CPU
		{81B64F6E-7B52-443D-AB74-20DB2D2C1B80}.Debug|Any CPU.Build.0 = Debug|Any CPU
		{81B64F6E-7B52-443D-AB74-20DB2D2C1B80}.Release|Any CPU.ActiveCfg = Release|Any CPU
		{81B64F6E-7B52-443D-AB74-20DB2D2C1B80}.Release|Any CPU.Build.0 = Release|Any CPU
	EndGlobalSection
	GlobalSection(SolutionProperties) = preSolution
		HideSolutionNode = FALSE
	EndGlobalSection
EndGlobal
